// !$*UTF8*$!
{
	archiveVersion = 1;
	classes = {
	};
	objectVersion = 56;
	objects = {

/* Begin PBXBuildFile section */
		499BBD5D2D2A8B790016117C /* AppDelegate.swift in Sources */ = {isa = PBXBuildFile; fileRef = 499BBD5C2D2A8B790016117C /* AppDelegate.swift */; };
		499BBD5F2D2A8B790016117C /* SceneDelegate.swift in Sources */ = {isa = PBXBuildFile; fileRef = 499BBD5E2D2A8B790016117C /* SceneDelegate.swift */; };
		499BBD612D2A8B790016117C /* RMTabViewController.swift in Sources */ = {isa = PBXBuildFile; fileRef = 499BBD602D2A8B790016117C /* RMTabViewController.swift */; };
		499BBD662D2A8B7A0016117C /* Assets.xcassets in Resources */ = {isa = PBXBuildFile; fileRef = 499BBD652D2A8B7A0016117C /* Assets.xcassets */; };
		499BBD692D2A8B7A0016117C /* Base in Resources */ = {isa = PBXBuildFile; fileRef = 499BBD682D2A8B7A0016117C /* Base */; };
		499BBD782D2A90360016117C /* RMLocation.swift in Sources */ = {isa = PBXBuildFile; fileRef = 499BBD772D2A90360016117C /* RMLocation.swift */; };
		499BBD7A2D2A90A80016117C /* RMCharacter.swift in Sources */ = {isa = PBXBuildFile; fileRef = 499BBD792D2A90A80016117C /* RMCharacter.swift */; };
		499BBD7C2D2A90CD0016117C /* RMEpisode.swift in Sources */ = {isa = PBXBuildFile; fileRef = 499BBD7B2D2A90CD0016117C /* RMEpisode.swift */; };
		499BBD822D2A928B0016117C /* RMCharacterViewController.swift in Sources */ = {isa = PBXBuildFile; fileRef = 499BBD812D2A928B0016117C /* RMCharacterViewController.swift */; };
		499BBD842D2A92B70016117C /* RMLocationsViewController.swift in Sources */ = {isa = PBXBuildFile; fileRef = 499BBD832D2A92B70016117C /* RMLocationsViewController.swift */; };
		499BBD862D2A93FE0016117C /* RMEpisodeViewController.swift in Sources */ = {isa = PBXBuildFile; fileRef = 499BBD852D2A93FE0016117C /* RMEpisodeViewController.swift */; };
		499BBD882D2A942A0016117C /* RMSettingsViewController.swift in Sources */ = {isa = PBXBuildFile; fileRef = 499BBD872D2A942A0016117C /* RMSettingsViewController.swift */; };
		499BBD8A2D2AD4920016117C /* RMService.swift in Sources */ = {isa = PBXBuildFile; fileRef = 499BBD892D2AD4920016117C /* RMService.swift */; };
		499BBD8C2D2AD4B70016117C /* RMRequest.swift in Sources */ = {isa = PBXBuildFile; fileRef = 499BBD8B2D2AD4B70016117C /* RMRequest.swift */; };
		499BBD8E2D2AD5B80016117C /* RMEndpoint.swift in Sources */ = {isa = PBXBuildFile; fileRef = 499BBD8D2D2AD5B80016117C /* RMEndpoint.swift */; };
		499BBD902D2AD9370016117C /* RMOrigin.swift in Sources */ = {isa = PBXBuildFile; fileRef = 499BBD8F2D2AD9370016117C /* RMOrigin.swift */; };
		499BBD922D2AD9AB0016117C /* RMSignleLocation.swift in Sources */ = {isa = PBXBuildFile; fileRef = 499BBD912D2AD9AB0016117C /* RMSignleLocation.swift */; };
		499BBD942D2ADA7E0016117C /* RMCharacterStatus.swift in Sources */ = {isa = PBXBuildFile; fileRef = 499BBD932D2ADA7E0016117C /* RMCharacterStatus.swift */; };
		499BBD962D2ADD1A0016117C /* RMCharacterGender.swift in Sources */ = {isa = PBXBuildFile; fileRef = 499BBD952D2ADD1A0016117C /* RMCharacterGender.swift */; };
/* End PBXBuildFile section */

/* Begin PBXFileReference section */
		499BBD592D2A8B790016117C /* rick-and-morty.app */ = {isa = PBXFileReference; explicitFileType = wrapper.application; includeInIndex = 0; path = "rick-and-morty.app"; sourceTree = BUILT_PRODUCTS_DIR; };
		499BBD5C2D2A8B790016117C /* AppDelegate.swift */ = {isa = PBXFileReference; lastKnownFileType = sourcecode.swift; path = AppDelegate.swift; sourceTree = "<group>"; };
		499BBD5E2D2A8B790016117C /* SceneDelegate.swift */ = {isa = PBXFileReference; lastKnownFileType = sourcecode.swift; path = SceneDelegate.swift; sourceTree = "<group>"; };
		499BBD602D2A8B790016117C /* RMTabViewController.swift */ = {isa = PBXFileReference; lastKnownFileType = sourcecode.swift; path = RMTabViewController.swift; sourceTree = "<group>"; };
		499BBD652D2A8B7A0016117C /* Assets.xcassets */ = {isa = PBXFileReference; lastKnownFileType = folder.assetcatalog; path = Assets.xcassets; sourceTree = "<group>"; };
		499BBD682D2A8B7A0016117C /* Base */ = {isa = PBXFileReference; lastKnownFileType = file.storyboard; name = Base; path = Base.lproj/LaunchScreen.storyboard; sourceTree = "<group>"; };
		499BBD6A2D2A8B7A0016117C /* Info.plist */ = {isa = PBXFileReference; lastKnownFileType = text.plist.xml; path = Info.plist; sourceTree = "<group>"; };
		499BBD772D2A90360016117C /* RMLocation.swift */ = {isa = PBXFileReference; lastKnownFileType = sourcecode.swift; path = RMLocation.swift; sourceTree = "<group>"; };
		499BBD792D2A90A80016117C /* RMCharacter.swift */ = {isa = PBXFileReference; lastKnownFileType = sourcecode.swift; path = RMCharacter.swift; sourceTree = "<group>"; };
		499BBD7B2D2A90CD0016117C /* RMEpisode.swift */ = {isa = PBXFileReference; lastKnownFileType = sourcecode.swift; path = RMEpisode.swift; sourceTree = "<group>"; };
		499BBD812D2A928B0016117C /* RMCharacterViewController.swift */ = {isa = PBXFileReference; lastKnownFileType = sourcecode.swift; path = RMCharacterViewController.swift; sourceTree = "<group>"; };
		499BBD832D2A92B70016117C /* RMLocationsViewController.swift */ = {isa = PBXFileReference; lastKnownFileType = sourcecode.swift; path = RMLocationsViewController.swift; sourceTree = "<group>"; };
		499BBD852D2A93FE0016117C /* RMEpisodeViewController.swift */ = {isa = PBXFileReference; lastKnownFileType = sourcecode.swift; path = RMEpisodeViewController.swift; sourceTree = "<group>"; };
		499BBD872D2A942A0016117C /* RMSettingsViewController.swift */ = {isa = PBXFileReference; lastKnownFileType = sourcecode.swift; path = RMSettingsViewController.swift; sourceTree = "<group>"; };
		499BBD892D2AD4920016117C /* RMService.swift */ = {isa = PBXFileReference; lastKnownFileType = sourcecode.swift; path = RMService.swift; sourceTree = "<group>"; };
		499BBD8B2D2AD4B70016117C /* RMRequest.swift */ = {isa = PBXFileReference; lastKnownFileType = sourcecode.swift; path = RMRequest.swift; sourceTree = "<group>"; };
		499BBD8D2D2AD5B80016117C /* RMEndpoint.swift */ = {isa = PBXFileReference; lastKnownFileType = sourcecode.swift; path = RMEndpoint.swift; sourceTree = "<group>"; };
		499BBD8F2D2AD9370016117C /* RMOrigin.swift */ = {isa = PBXFileReference; lastKnownFileType = sourcecode.swift; path = RMOrigin.swift; sourceTree = "<group>"; };
		499BBD912D2AD9AB0016117C /* RMSignleLocation.swift */ = {isa = PBXFileReference; lastKnownFileType = sourcecode.swift; path = RMSignleLocation.swift; sourceTree = "<group>"; };
		499BBD932D2ADA7E0016117C /* RMCharacterStatus.swift */ = {isa = PBXFileReference; lastKnownFileType = sourcecode.swift; path = RMCharacterStatus.swift; sourceTree = "<group>"; };
		499BBD952D2ADD1A0016117C /* RMCharacterGender.swift */ = {isa = PBXFileReference; lastKnownFileType = sourcecode.swift; path = RMCharacterGender.swift; sourceTree = "<group>"; };
/* End PBXFileReference section */

/* Begin PBXFrameworksBuildPhase section */
		499BBD562D2A8B790016117C /* Frameworks */ = {
			isa = PBXFrameworksBuildPhase;
			buildActionMask = 2147483647;
			files = (
			);
			runOnlyForDeploymentPostprocessing = 0;
		};
/* End PBXFrameworksBuildPhase section */

/* Begin PBXGroup section */
		499BBD502D2A8B790016117C = {
			isa = PBXGroup;
			children = (
				499BBD5B2D2A8B790016117C /* rick-and-morty */,
				499BBD5A2D2A8B790016117C /* Products */,
			);
			sourceTree = "<group>";
		};
		499BBD5A2D2A8B790016117C /* Products */ = {
			isa = PBXGroup;
			children = (
				499BBD592D2A8B790016117C /* rick-and-morty.app */,
			);
			name = Products;
			sourceTree = "<group>";
		};
		499BBD5B2D2A8B790016117C /* rick-and-morty */ = {
			isa = PBXGroup;
			children = (
				499BBD762D2A8FE20016117C /* Resources */,
				499BBD752D2A8FDB0016117C /* Managers */,
				499BBD742D2A8FD10016117C /* ApiClient */,
				499BBD732D2A8FC80016117C /* ViewModels */,
				499BBD722D2A8FC10016117C /* Views */,
				499BBD712D2A8FB80016117C /* Models */,
				499BBD702D2A8FA40016117C /* Controllers */,
				499BBD6A2D2A8B7A0016117C /* Info.plist */,
			);
			path = "rick-and-morty";
			sourceTree = "<group>";
		};
		499BBD702D2A8FA40016117C /* Controllers */ = {
			isa = PBXGroup;
			children = (
				499BBD7D2D2A91FC0016117C /* Core */,
			);
			path = Controllers;
			sourceTree = "<group>";
		};
		499BBD712D2A8FB80016117C /* Models */ = {
			isa = PBXGroup;
			children = (
				499BBD772D2A90360016117C /* RMLocation.swift */,
				499BBD792D2A90A80016117C /* RMCharacter.swift */,
				499BBD7B2D2A90CD0016117C /* RMEpisode.swift */,
				499BBD8F2D2AD9370016117C /* RMOrigin.swift */,
				499BBD912D2AD9AB0016117C /* RMSignleLocation.swift */,
				499BBD932D2ADA7E0016117C /* RMCharacterStatus.swift */,
				499BBD952D2ADD1A0016117C /* RMCharacterGender.swift */,
			);
			path = Models;
			sourceTree = "<group>";
		};
		499BBD722D2A8FC10016117C /* Views */ = {
			isa = PBXGroup;
			children = (
			);
			path = Views;
			sourceTree = "<group>";
		};
		499BBD732D2A8FC80016117C /* ViewModels */ = {
			isa = PBXGroup;
			children = (
			);
			path = ViewModels;
			sourceTree = "<group>";
		};
		499BBD742D2A8FD10016117C /* ApiClient */ = {
			isa = PBXGroup;
			children = (
				499BBD892D2AD4920016117C /* RMService.swift */,
				499BBD8B2D2AD4B70016117C /* RMRequest.swift */,
				499BBD8D2D2AD5B80016117C /* RMEndpoint.swift */,
			);
			path = ApiClient;
			sourceTree = "<group>";
		};
		499BBD752D2A8FDB0016117C /* Managers */ = {
			isa = PBXGroup;
			children = (
			);
			path = Managers;
			sourceTree = "<group>";
		};
		499BBD762D2A8FE20016117C /* Resources */ = {
			isa = PBXGroup;
			children = (
				499BBD5C2D2A8B790016117C /* AppDelegate.swift */,
				499BBD5E2D2A8B790016117C /* SceneDelegate.swift */,
				499BBD652D2A8B7A0016117C /* Assets.xcassets */,
				499BBD672D2A8B7A0016117C /* LaunchScreen.storyboard */,
			);
			path = Resources;
			sourceTree = "<group>";
		};
		499BBD7D2D2A91FC0016117C /* Core */ = {
			isa = PBXGroup;
			children = (
				499BBD602D2A8B790016117C /* RMTabViewController.swift */,
				499BBD812D2A928B0016117C /* RMCharacterViewController.swift */,
				499BBD832D2A92B70016117C /* RMLocationsViewController.swift */,
				499BBD852D2A93FE0016117C /* RMEpisodeViewController.swift */,
				499BBD872D2A942A0016117C /* RMSettingsViewController.swift */,
			);
			path = Core;
			sourceTree = "<group>";
		};
/* End PBXGroup section */

/* Begin PBXNativeTarget section */
		499BBD582D2A8B790016117C /* rick-and-morty */ = {
			isa = PBXNativeTarget;
			buildConfigurationList = 499BBD6D2D2A8B7A0016117C /* Build configuration list for PBXNativeTarget "rick-and-morty" */;
			buildPhases = (
				499BBD552D2A8B790016117C /* Sources */,
				499BBD562D2A8B790016117C /* Frameworks */,
				499BBD572D2A8B790016117C /* Resources */,
			);
			buildRules = (
			);
			dependencies = (
			);
			name = "rick-and-morty";
			productName = "rick-and-morty";
			productReference = 499BBD592D2A8B790016117C /* rick-and-morty.app */;
			productType = "com.apple.product-type.application";
		};
/* End PBXNativeTarget section */

/* Begin PBXProject section */
		499BBD512D2A8B790016117C /* Project object */ = {
			isa = PBXProject;
			attributes = {
				BuildIndependentTargetsInParallel = 1;
				LastSwiftUpdateCheck = 1540;
				LastUpgradeCheck = 1540;
				TargetAttributes = {
					499BBD582D2A8B790016117C = {
						CreatedOnToolsVersion = 15.4;
					};
				};
			};
			buildConfigurationList = 499BBD542D2A8B790016117C /* Build configuration list for PBXProject "rick-and-morty" */;
			compatibilityVersion = "Xcode 14.0";
			developmentRegion = en;
			hasScannedForEncodings = 0;
			knownRegions = (
				en,
				Base,
			);
			mainGroup = 499BBD502D2A8B790016117C;
			productRefGroup = 499BBD5A2D2A8B790016117C /* Products */;
			projectDirPath = "";
			projectRoot = "";
			targets = (
				499BBD582D2A8B790016117C /* rick-and-morty */,
			);
		};
/* End PBXProject section */

/* Begin PBXResourcesBuildPhase section */
		499BBD572D2A8B790016117C /* Resources */ = {
			isa = PBXResourcesBuildPhase;
			buildActionMask = 2147483647;
			files = (
				499BBD662D2A8B7A0016117C /* Assets.xcassets in Resources */,
				499BBD692D2A8B7A0016117C /* Base in Resources */,
			);
			runOnlyForDeploymentPostprocessing = 0;
		};
/* End PBXResourcesBuildPhase section */

/* Begin PBXSourcesBuildPhase section */
		499BBD552D2A8B790016117C /* Sources */ = {
			isa = PBXSourcesBuildPhase;
			buildActionMask = 2147483647;
			files = (
				499BBD902D2AD9370016117C /* RMOrigin.swift in Sources */,
				499BBD842D2A92B70016117C /* RMLocationsViewController.swift in Sources */,
				499BBD942D2ADA7E0016117C /* RMCharacterStatus.swift in Sources */,
				499BBD962D2ADD1A0016117C /* RMCharacterGender.swift in Sources */,
				499BBD7C2D2A90CD0016117C /* RMEpisode.swift in Sources */,
				499BBD612D2A8B790016117C /* RMTabViewController.swift in Sources */,
				499BBD922D2AD9AB0016117C /* RMSignleLocation.swift in Sources */,
				499BBD862D2A93FE0016117C /* RMEpisodeViewController.swift in Sources */,
				499BBD5D2D2A8B790016117C /* AppDelegate.swift in Sources */,
				499BBD782D2A90360016117C /* RMLocation.swift in Sources */,
				499BBD882D2A942A0016117C /* RMSettingsViewController.swift in Sources */,
				499BBD8A2D2AD4920016117C /* RMService.swift in Sources */,
				499BBD5F2D2A8B790016117C /* SceneDelegate.swift in Sources */,
				499BBD8E2D2AD5B80016117C /* RMEndpoint.swift in Sources */,
				499BBD7A2D2A90A80016117C /* RMCharacter.swift in Sources */,
				499BBD8C2D2AD4B70016117C /* RMRequest.swift in Sources */,
				499BBD822D2A928B0016117C /* RMCharacterViewController.swift in Sources */,
			);
			runOnlyForDeploymentPostprocessing = 0;
		};
/* End PBXSourcesBuildPhase section */

/* Begin PBXVariantGroup section */
		499BBD672D2A8B7A0016117C /* LaunchScreen.storyboard */ = {
			isa = PBXVariantGroup;
			children = (
				499BBD682D2A8B7A0016117C /* Base */,
			);
			name = LaunchScreen.storyboard;
			sourceTree = "<group>";
		};
/* End PBXVariantGroup section */

/* Begin XCBuildConfiguration section */
		499BBD6B2D2A8B7A0016117C /* Debug */ = {
			isa = XCBuildConfiguration;
			buildSettings = {
				ALWAYS_SEARCH_USER_PATHS = NO;
				ASSETCATALOG_COMPILER_GENERATE_SWIFT_ASSET_SYMBOL_EXTENSIONS = YES;
				CLANG_ANALYZER_NONNULL = YES;
				CLANG_ANALYZER_NUMBER_OBJECT_CONVERSION = YES_AGGRESSIVE;
				CLANG_CXX_LANGUAGE_STANDARD = "gnu++20";
				CLANG_ENABLE_MODULES = YES;
				CLANG_ENABLE_OBJC_ARC = YES;
				CLANG_ENABLE_OBJC_WEAK = YES;
				CLANG_WARN_BLOCK_CAPTURE_AUTORELEASING = YES;
				CLANG_WARN_BOOL_CONVERSION = YES;
				CLANG_WARN_COMMA = YES;
				CLANG_WARN_CONSTANT_CONVERSION = YES;
				CLANG_WARN_DEPRECATED_OBJC_IMPLEMENTATIONS = YES;
				CLANG_WARN_DIRECT_OBJC_ISA_USAGE = YES_ERROR;
				CLANG_WARN_DOCUMENTATION_COMMENTS = YES;
				CLANG_WARN_EMPTY_BODY = YES;
				CLANG_WARN_ENUM_CONVERSION = YES;
				CLANG_WARN_INFINITE_RECURSION = YES;
				CLANG_WARN_INT_CONVERSION = YES;
				CLANG_WARN_NON_LITERAL_NULL_CONVERSION = YES;
				CLANG_WARN_OBJC_IMPLICIT_RETAIN_SELF = YES;
				CLANG_WARN_OBJC_LITERAL_CONVERSION = YES;
				CLANG_WARN_OBJC_ROOT_CLASS = YES_ERROR;
				CLANG_WARN_QUOTED_INCLUDE_IN_FRAMEWORK_HEADER = YES;
				CLANG_WARN_RANGE_LOOP_ANALYSIS = YES;
				CLANG_WARN_STRICT_PROTOTYPES = YES;
				CLANG_WARN_SUSPICIOUS_MOVE = YES;
				CLANG_WARN_UNGUARDED_AVAILABILITY = YES_AGGRESSIVE;
				CLANG_WARN_UNREACHABLE_CODE = YES;
				CLANG_WARN__DUPLICATE_METHOD_MATCH = YES;
				COPY_PHASE_STRIP = NO;
				DEBUG_INFORMATION_FORMAT = dwarf;
				ENABLE_STRICT_OBJC_MSGSEND = YES;
				ENABLE_TESTABILITY = YES;
				ENABLE_USER_SCRIPT_SANDBOXING = YES;
				GCC_C_LANGUAGE_STANDARD = gnu17;
				GCC_DYNAMIC_NO_PIC = NO;
				GCC_NO_COMMON_BLOCKS = YES;
				GCC_OPTIMIZATION_LEVEL = 0;
				GCC_PREPROCESSOR_DEFINITIONS = (
					"DEBUG=1",
					"$(inherited)",
				);
				GCC_WARN_64_TO_32_BIT_CONVERSION = YES;
				GCC_WARN_ABOUT_RETURN_TYPE = YES_ERROR;
				GCC_WARN_UNDECLARED_SELECTOR = YES;
				GCC_WARN_UNINITIALIZED_AUTOS = YES_AGGRESSIVE;
				GCC_WARN_UNUSED_FUNCTION = YES;
				GCC_WARN_UNUSED_VARIABLE = YES;
				IPHONEOS_DEPLOYMENT_TARGET = 17.5;
				LOCALIZATION_PREFERS_STRING_CATALOGS = YES;
				MTL_ENABLE_DEBUG_INFO = INCLUDE_SOURCE;
				MTL_FAST_MATH = YES;
				ONLY_ACTIVE_ARCH = YES;
				SDKROOT = iphoneos;
				SWIFT_ACTIVE_COMPILATION_CONDITIONS = "DEBUG $(inherited)";
				SWIFT_OPTIMIZATION_LEVEL = "-Onone";
			};
			name = Debug;
		};
		499BBD6C2D2A8B7A0016117C /* Release */ = {
			isa = XCBuildConfiguration;
			buildSettings = {
				ALWAYS_SEARCH_USER_PATHS = NO;
				ASSETCATALOG_COMPILER_GENERATE_SWIFT_ASSET_SYMBOL_EXTENSIONS = YES;
				CLANG_ANALYZER_NONNULL = YES;
				CLANG_ANALYZER_NUMBER_OBJECT_CONVERSION = YES_AGGRESSIVE;
				CLANG_CXX_LANGUAGE_STANDARD = "gnu++20";
				CLANG_ENABLE_MODULES = YES;
				CLANG_ENABLE_OBJC_ARC = YES;
				CLANG_ENABLE_OBJC_WEAK = YES;
				CLANG_WARN_BLOCK_CAPTURE_AUTORELEASING = YES;
				CLANG_WARN_BOOL_CONVERSION = YES;
				CLANG_WARN_COMMA = YES;
				CLANG_WARN_CONSTANT_CONVERSION = YES;
				CLANG_WARN_DEPRECATED_OBJC_IMPLEMENTATIONS = YES;
				CLANG_WARN_DIRECT_OBJC_ISA_USAGE = YES_ERROR;
				CLANG_WARN_DOCUMENTATION_COMMENTS = YES;
				CLANG_WARN_EMPTY_BODY = YES;
				CLANG_WARN_ENUM_CONVERSION = YES;
				CLANG_WARN_INFINITE_RECURSION = YES;
				CLANG_WARN_INT_CONVERSION = YES;
				CLANG_WARN_NON_LITERAL_NULL_CONVERSION = YES;
				CLANG_WARN_OBJC_IMPLICIT_RETAIN_SELF = YES;
				CLANG_WARN_OBJC_LITERAL_CONVERSION = YES;
				CLANG_WARN_OBJC_ROOT_CLASS = YES_ERROR;
				CLANG_WARN_QUOTED_INCLUDE_IN_FRAMEWORK_HEADER = YES;
				CLANG_WARN_RANGE_LOOP_ANALYSIS = YES;
				CLANG_WARN_STRICT_PROTOTYPES = YES;
				CLANG_WARN_SUSPICIOUS_MOVE = YES;
				CLANG_WARN_UNGUARDED_AVAILABILITY = YES_AGGRESSIVE;
				CLANG_WARN_UNREACHABLE_CODE = YES;
				CLANG_WARN__DUPLICATE_METHOD_MATCH = YES;
				COPY_PHASE_STRIP = NO;
				DEBUG_INFORMATION_FORMAT = "dwarf-with-dsym";
				ENABLE_NS_ASSERTIONS = NO;
				ENABLE_STRICT_OBJC_MSGSEND = YES;
				ENABLE_USER_SCRIPT_SANDBOXING = YES;
				GCC_C_LANGUAGE_STANDARD = gnu17;
				GCC_NO_COMMON_BLOCKS = YES;
				GCC_WARN_64_TO_32_BIT_CONVERSION = YES;
				GCC_WARN_ABOUT_RETURN_TYPE = YES_ERROR;
				GCC_WARN_UNDECLARED_SELECTOR = YES;
				GCC_WARN_UNINITIALIZED_AUTOS = YES_AGGRESSIVE;
				GCC_WARN_UNUSED_FUNCTION = YES;
				GCC_WARN_UNUSED_VARIABLE = YES;
				IPHONEOS_DEPLOYMENT_TARGET = 17.5;
				LOCALIZATION_PREFERS_STRING_CATALOGS = YES;
				MTL_ENABLE_DEBUG_INFO = NO;
				MTL_FAST_MATH = YES;
				SDKROOT = iphoneos;
				SWIFT_COMPILATION_MODE = wholemodule;
				VALIDATE_PRODUCT = YES;
			};
			name = Release;
		};
		499BBD6E2D2A8B7A0016117C /* Debug */ = {
			isa = XCBuildConfiguration;
			buildSettings = {
				ASSETCATALOG_COMPILER_APPICON_NAME = AppIcon;
				ASSETCATALOG_COMPILER_GLOBAL_ACCENT_COLOR_NAME = AccentColor;
				CODE_SIGN_STYLE = Automatic;
				CURRENT_PROJECT_VERSION = 1;
				DEVELOPMENT_TEAM = ZBJ43QUHRD;
				GENERATE_INFOPLIST_FILE = YES;
				INFOPLIST_FILE = "rick-and-morty/Info.plist";
				INFOPLIST_KEY_UIApplicationSupportsIndirectInputEvents = YES;
				INFOPLIST_KEY_UILaunchStoryboardName = LaunchScreen;
				INFOPLIST_KEY_UISupportedInterfaceOrientations_iPad = "UIInterfaceOrientationPortrait UIInterfaceOrientationPortraitUpsideDown UIInterfaceOrientationLandscapeLeft UIInterfaceOrientationLandscapeRight";
				INFOPLIST_KEY_UISupportedInterfaceOrientations_iPhone = "UIInterfaceOrientationPortrait UIInterfaceOrientationLandscapeLeft UIInterfaceOrientationLandscapeRight";
				LD_RUNPATH_SEARCH_PATHS = (
					"$(inherited)",
					"@executable_path/Frameworks",
				);
				MARKETING_VERSION = 1.0;
				PRODUCT_BUNDLE_IDENTIFIER = "com.ru.rick-and-morty";
				PRODUCT_NAME = "$(TARGET_NAME)";
				SWIFT_EMIT_LOC_STRINGS = YES;
				SWIFT_VERSION = 5.0;
				TARGETED_DEVICE_FAMILY = "1,2";
			};
			name = Debug;
		};
		499BBD6F2D2A8B7A0016117C /* Release */ = {
			isa = XCBuildConfiguration;
			buildSettings = {
				ASSETCATALOG_COMPILER_APPICON_NAME = AppIcon;
				ASSETCATALOG_COMPILER_GLOBAL_ACCENT_COLOR_NAME = AccentColor;
				CODE_SIGN_STYLE = Automatic;
				CURRENT_PROJECT_VERSION = 1;
				DEVELOPMENT_TEAM = ZBJ43QUHRD;
				GENERATE_INFOPLIST_FILE = YES;
				INFOPLIST_FILE = "rick-and-morty/Info.plist";
				INFOPLIST_KEY_UIApplicationSupportsIndirectInputEvents = YES;
				INFOPLIST_KEY_UILaunchStoryboardName = LaunchScreen;
				INFOPLIST_KEY_UISupportedInterfaceOrientations_iPad = "UIInterfaceOrientationPortrait UIInterfaceOrientationPortraitUpsideDown UIInterfaceOrientationLandscapeLeft UIInterfaceOrientationLandscapeRight";
				INFOPLIST_KEY_UISupportedInterfaceOrientations_iPhone = "UIInterfaceOrientationPortrait UIInterfaceOrientationLandscapeLeft UIInterfaceOrientationLandscapeRight";
				LD_RUNPATH_SEARCH_PATHS = (
					"$(inherited)",
					"@executable_path/Frameworks",
				);
				MARKETING_VERSION = 1.0;
				PRODUCT_BUNDLE_IDENTIFIER = "com.ru.rick-and-morty";
				PRODUCT_NAME = "$(TARGET_NAME)";
				SWIFT_EMIT_LOC_STRINGS = YES;
				SWIFT_VERSION = 5.0;
				TARGETED_DEVICE_FAMILY = "1,2";
			};
			name = Release;
		};
/* End XCBuildConfiguration section */

/* Begin XCConfigurationList section */
		499BBD542D2A8B790016117C /* Build configuration list for PBXProject "rick-and-morty" */ = {
			isa = XCConfigurationList;
			buildConfigurations = (
				499BBD6B2D2A8B7A0016117C /* Debug */,
				499BBD6C2D2A8B7A0016117C /* Release */,
			);
			defaultConfigurationIsVisible = 0;
			defaultConfigurationName = Release;
		};
		499BBD6D2D2A8B7A0016117C /* Build configuration list for PBXNativeTarget "rick-and-morty" */ = {
			isa = XCConfigurationList;
			buildConfigurations = (
				499BBD6E2D2A8B7A0016117C /* Debug */,
				499BBD6F2D2A8B7A0016117C /* Release */,
			);
			defaultConfigurationIsVisible = 0;
			defaultConfigurationName = Release;
		};
/* End XCConfigurationList section */
	};
	rootObject = 499BBD512D2A8B790016117C /* Project object */;
}
